{
  "nodes": {
    "home-manager": {
      "inputs": {
        "nixpkgs": [
          "nixpkgs"
        ]
      },
      "locked": {
        "lastModified": 1758296614,
        "narHash": "sha256-l60D1i0aaSqemy9dL7wP0ePMfcv/oZbeKpvUMY+q0kQ=",
        "owner": "nix-community",
        "repo": "home-manager",
        "rev": "55b1f5b7b191572257545413b98e37abab2fdb00",
        "type": "github"
      },
      "original": {
        "owner": "nix-community",
        "repo": "home-manager",
        "type": "github"
      }
    },
    "nixpkgs": {
      "locked": {
        "lastModified": 1758245883,
        "narHash": "sha256-Lu4dZZJX4RfmvusXxVjaeLWiXHorH7Zh90tE8IDrqP4=",
        "type": "tarball",
        "url": "https://mirrors.ustc.edu.cn/nix-channels/nixos-unstable/nixexprs.tar.xz"
      },
      "original": {
        "type": "tarball",
        "url": "https://mirrors.ustc.edu.cn/nix-channels/nixos-unstable/nixexprs.tar.xz"
      }
    },
    "root": {
      "inputs": {
        "home-manager": "home-manager",
        "nixpkgs": "nixpkgs"
      }
    }
  },
  "root": "root",
  "version": 7
}
